
Microsoft Visual Studio Solution File, Format Version 12.00
# Visual Studio Version 16
VisualStudioVersion = 16.0.30225.117
MinimumVisualStudioVersion = 10.0.40219.1
Project("{FAE04EC0-301F-11D3-BF4B-00C04F79EFBC}") = "IOC1", "IOC1\IOC1.csproj", "{625E7C1A-0633-406C-9413-E82269590C0B}"
EndProject
Global
	GlobalSection(SolutionConfigurationPlatforms) = preSolution
		Debug|Any CPU = Debug|Any CPU
		Release|Any CPU = Release|Any CPU
	EndGlobalSection
	GlobalSection(ProjectConfigurationPlatforms) = postSolution
		{625E7C1A-0633-406C-9413-E82269590C0B}.Debug|Any CPU.ActiveCfg = Debug|Any CPU
		{625E7C1A-0633-406C-9413-E82269590C0B}.Debug|Any CPU.Build.0 = Debug|Any CPU
		{625E7C1A-0633-406C-9413-E82269590C0B}.Release|Any CPU.ActiveCfg = Release|Any CPU
		{625E7C1A-0633-406C-9413-E82269590C0B}.Release|Any CPU.Build.0 = Release|Any CPU
	EndGlobalSection
	GlobalSection(SolutionProperties) = preSolution
		HideSolutionNode = FALSE
	EndGlobalSection
	GlobalSection(ExtensibilityGlobals) = postSolution
		SolutionGuid = {E4CBC363-3043-4346-980C-693D9D983B17}
	EndGlobalSection
EndGlobal
